
Microsoft Visual Studio Solution File, Format Version 12.00
# Visual Studio Version 17
VisualStudioVersion = 17.1.32319.34
MinimumVisualStudioVersion = 10.0.40219.1
Project("{9A19103F-16F7-4668-BE54-9A1E7A4F7556}") = "Contacts.API", "Contacts.API\Contacts.API.csproj", "{8E8197F3-F1EF-40BB-91A1-49D11A7711C0}"
EndProject
Global
	GlobalSection(SolutionConfigurationPlatforms) = preSolution
		Debug|Any CPU = Debug|Any CPU
		Release|Any CPU = Release|Any CPU
	EndGlobalSection
	GlobalSection(ProjectConfigurationPlatforms) = postSolution
		{8E8197F3-F1EF-40BB-91A1-49D11A7711C0}.Debug|Any CPU.ActiveCfg = Debug|Any CPU
		{8E8197F3-F1EF-40BB-91A1-49D11A7711C0}.Debug|Any CPU.Build.0 = Debug|Any CPU
		{8E8197F3-F1EF-40BB-91A1-49D11A7711C0}.Release|Any CPU.ActiveCfg = Release|Any CPU
		{8E8197F3-F1EF-40BB-91A1-49D11A7711C0}.Release|Any CPU.Build.0 = Release|Any CPU
	EndGlobalSection
	GlobalSection(SolutionProperties) = preSolution
		HideSolutionNode = FALSE
	EndGlobalSection
	GlobalSection(ExtensibilityGlobals) = postSolution
		SolutionGuid = {9DFE272A-D628-42C0-BDCB-2AC02538EDC6}
	EndGlobalSection
EndGlobal
